
Microsoft Visual Studio Solution File, Format Version 12.00
# Visual Studio Version 16
VisualStudioVersion = 16.0.30406.217
MinimumVisualStudioVersion = 10.0.40219.1
Project("{9A19103F-16F7-4668-BE54-9A1E7A4F7556}") = "Ecommerce", "Ecommerce\Ecommerce.csproj", "{3215697A-BE2E-482A-86E1-40D15BFDD9A5}"
EndProject
Project("{FAE04EC0-301F-11D3-BF4B-00C04F79EFBC}") = "EcommerceTests", "EcommerceTests\EcommerceTests.csproj", "{9915205A-FA40-4326-9D61-33BE8AD85EC4}"
EndProject
Global
	GlobalSection(SolutionConfigurationPlatforms) = preSolution
		Debug|Any CPU = Debug|Any CPU
		Release|Any CPU = Release|Any CPU
	EndGlobalSection
	GlobalSection(ProjectConfigurationPlatforms) = postSolution
		{3215697A-BE2E-482A-86E1-40D15BFDD9A5}.Debug|Any CPU.ActiveCfg = Debug|Any CPU
		{3215697A-BE2E-482A-86E1-40D15BFDD9A5}.Debug|Any CPU.Build.0 = Debug|Any CPU
		{3215697A-BE2E-482A-86E1-40D15BFDD9A5}.Release|Any CPU.ActiveCfg = Release|Any CPU
		{3215697A-BE2E-482A-86E1-40D15BFDD9A5}.Release|Any CPU.Build.0 = Release|Any CPU
		{9915205A-FA40-4326-9D61-33BE8AD85EC4}.Debug|Any CPU.ActiveCfg = Debug|Any CPU
		{9915205A-FA40-4326-9D61-33BE8AD85EC4}.Debug|Any CPU.Build.0 = Debug|Any CPU
		{9915205A-FA40-4326-9D61-33BE8AD85EC4}.Release|Any CPU.ActiveCfg = Release|Any CPU
		{9915205A-FA40-4326-9D61-33BE8AD85EC4}.Release|Any CPU.Build.0 = Release|Any CPU
	EndGlobalSection
	GlobalSection(SolutionProperties) = preSolution
		HideSolutionNode = FALSE
	EndGlobalSection
	GlobalSection(ExtensibilityGlobals) = postSolution
		SolutionGuid = {1290D0C3-50B0-4517-9C12-991CD689DC14}
	EndGlobalSection
EndGlobal
